
Microsoft Visual Studio Solution File, Format Version 12.00
# Visual Studio 2012
Project("{FAE04EC0-301F-11D3-BF4B-00C04F79EFBC}") = "shashin.Android", "shashin.Android\shashin.Android.csproj", "{45D38690-3A13-42FC-8605-2C33EBC6776E}"
EndProject
Project("{FAE04EC0-301F-11D3-BF4B-00C04F79EFBC}") = "shashin.iOS", "shashin.iOS\shashin.iOS.csproj", "{C13E7D69-659D-4B35-A4EF-E71BBC8F2833}"
EndProject
Project("{FAE04EC0-301F-11D3-BF4B-00C04F79EFBC}") = "shashin", "shashin\shashin.csproj", "{9D0459BD-9BC0-42B4-B22A-78ECBE6B22A8}"
EndProject
Global
	GlobalSection(SolutionConfigurationPlatforms) = preSolution
		Debug|Any CPU = Debug|Any CPU
		Release|Any CPU = Release|Any CPU
		Debug|iPhoneSimulator = Debug|iPhoneSimulator
		Release|iPhoneSimulator = Release|iPhoneSimulator
		Debug|iPhone = Debug|iPhone
		Release|iPhone = Release|iPhone
	EndGlobalSection
	GlobalSection(ProjectConfigurationPlatforms) = postSolution
		{45D38690-3A13-42FC-8605-2C33EBC6776E}.Debug|Any CPU.ActiveCfg = Debug|Any CPU
		{45D38690-3A13-42FC-8605-2C33EBC6776E}.Debug|Any CPU.Build.0 = Debug|Any CPU
		{45D38690-3A13-42FC-8605-2C33EBC6776E}.Release|Any CPU.ActiveCfg = Release|Any CPU
		{45D38690-3A13-42FC-8605-2C33EBC6776E}.Release|Any CPU.Build.0 = Release|Any CPU
		{45D38690-3A13-42FC-8605-2C33EBC6776E}.Debug|iPhoneSimulator.ActiveCfg = Debug|Any CPU
		{45D38690-3A13-42FC-8605-2C33EBC6776E}.Debug|iPhoneSimulator.Build.0 = Debug|Any CPU
		{45D38690-3A13-42FC-8605-2C33EBC6776E}.Release|iPhoneSimulator.ActiveCfg = Release|Any CPU
		{45D38690-3A13-42FC-8605-2C33EBC6776E}.Release|iPhoneSimulator.Build.0 = Release|Any CPU
		{45D38690-3A13-42FC-8605-2C33EBC6776E}.Debug|iPhone.ActiveCfg = Debug|Any CPU
		{45D38690-3A13-42FC-8605-2C33EBC6776E}.Debug|iPhone.Build.0 = Debug|Any CPU
		{45D38690-3A13-42FC-8605-2C33EBC6776E}.Release|iPhone.ActiveCfg = Release|Any CPU
		{45D38690-3A13-42FC-8605-2C33EBC6776E}.Release|iPhone.Build.0 = Release|Any CPU
		{C13E7D69-659D-4B35-A4EF-E71BBC8F2833}.Debug|Any CPU.ActiveCfg = Debug|iPhoneSimulator
		{C13E7D69-659D-4B35-A4EF-E71BBC8F2833}.Debug|Any CPU.Build.0 = Debug|iPhoneSimulator
		{C13E7D69-659D-4B35-A4EF-E71BBC8F2833}.Release|Any CPU.ActiveCfg = Release|iPhoneSimulator
		{C13E7D69-659D-4B35-A4EF-E71BBC8F2833}.Release|Any CPU.Build.0 = Release|iPhoneSimulator
		{C13E7D69-659D-4B35-A4EF-E71BBC8F2833}.Debug|iPhoneSimulator.ActiveCfg = Debug|iPhoneSimulator
		{C13E7D69-659D-4B35-A4EF-E71BBC8F2833}.Debug|iPhoneSimulator.Build.0 = Debug|iPhoneSimulator
		{C13E7D69-659D-4B35-A4EF-E71BBC8F2833}.Release|iPhoneSimulator.ActiveCfg = Release|iPhoneSimulator
		{C13E7D69-659D-4B35-A4EF-E71BBC8F2833}.Release|iPhoneSimulator.Build.0 = Release|iPhoneSimulator
		{C13E7D69-659D-4B35-A4EF-E71BBC8F2833}.Debug|iPhone.ActiveCfg = Debug|iPhone
		{C13E7D69-659D-4B35-A4EF-E71BBC8F2833}.Debug|iPhone.Build.0 = Debug|iPhone
		{C13E7D69-659D-4B35-A4EF-E71BBC8F2833}.Release|iPhone.ActiveCfg = Release|iPhone
		{C13E7D69-659D-4B35-A4EF-E71BBC8F2833}.Release|iPhone.Build.0 = Release|iPhone
		{9D0459BD-9BC0-42B4-B22A-78ECBE6B22A8}.Debug|Any CPU.ActiveCfg = Debug|Any CPU
		{9D0459BD-9BC0-42B4-B22A-78ECBE6B22A8}.Debug|Any CPU.Build.0 = Debug|Any CPU
		{9D0459BD-9BC0-42B4-B22A-78ECBE6B22A8}.Release|Any CPU.ActiveCfg = Release|Any CPU
		{9D0459BD-9BC0-42B4-B22A-78ECBE6B22A8}.Release|Any CPU.Build.0 = Release|Any CPU
		{9D0459BD-9BC0-42B4-B22A-78ECBE6B22A8}.Debug|iPhoneSimulator.ActiveCfg = Debug|Any CPU
		{9D0459BD-9BC0-42B4-B22A-78ECBE6B22A8}.Debug|iPhoneSimulator.Build.0 = Debug|Any CPU
		{9D0459BD-9BC0-42B4-B22A-78ECBE6B22A8}.Release|iPhoneSimulator.ActiveCfg = Release|Any CPU
		{9D0459BD-9BC0-42B4-B22A-78ECBE6B22A8}.Release|iPhoneSimulator.Build.0 = Release|Any CPU
		{9D0459BD-9BC0-42B4-B22A-78ECBE6B22A8}.Debug|iPhone.ActiveCfg = Debug|Any CPU
		{9D0459BD-9BC0-42B4-B22A-78ECBE6B22A8}.Debug|iPhone.Build.0 = Debug|Any CPU
		{9D0459BD-9BC0-42B4-B22A-78ECBE6B22A8}.Release|iPhone.ActiveCfg = Release|Any CPU
		{9D0459BD-9BC0-42B4-B22A-78ECBE6B22A8}.Release|iPhone.Build.0 = Release|Any CPU
	EndGlobalSection
EndGlobal
